
Microsoft Visual Studio Solution File, Format Version 12.00
# Visual Studio Version 17
VisualStudioVersion = 17.0.31903.59
MinimumVisualStudioVersion = 10.0.40219.1
Project("{FAE04EC0-301F-11D3-BF4B-00C04F79EFBC}") = "SomeLibrary", "SomeLibrary\SomeLibrary.csproj", "{8589BD9E-5855-4B52-82B2-5436B1E9EB50}"
EndProject
Project("{FAE04EC0-301F-11D3-BF4B-00C04F79EFBC}") = "UnitTests", "UnitTests\UnitTests.csproj", "{CECF7F9B-438A-45BD-BFDC-E66D84DDFE67}"
EndProject
Global
	GlobalSection(SolutionConfigurationPlatforms) = preSolution
		Debug|Any CPU = Debug|Any CPU
		Debug|x64 = Debug|x64
		Debug|x86 = Debug|x86
		Release|Any CPU = Release|Any CPU
		Release|x64 = Release|x64
		Release|x86 = Release|x86
	EndGlobalSection
	GlobalSection(ProjectConfigurationPlatforms) = postSolution
		{8589BD9E-5855-4B52-82B2-5436B1E9EB50}.Debug|Any CPU.ActiveCfg = Debug|Any CPU
		{8589BD9E-5855-4B52-82B2-5436B1E9EB50}.Debug|Any CPU.Build.0 = Debug|Any CPU
		{8589BD9E-5855-4B52-82B2-5436B1E9EB50}.Debug|x64.ActiveCfg = Debug|Any CPU
		{8589BD9E-5855-4B52-82B2-5436B1E9EB50}.Debug|x64.Build.0 = Debug|Any CPU
		{8589BD9E-5855-4B52-82B2-5436B1E9EB50}.Debug|x86.ActiveCfg = Debug|Any CPU
		{8589BD9E-5855-4B52-82B2-5436B1E9EB50}.Debug|x86.Build.0 = Debug|Any CPU
		{8589BD9E-5855-4B52-82B2-5436B1E9EB50}.Release|Any CPU.ActiveCfg = Release|Any CPU
		{8589BD9E-5855-4B52-82B2-5436B1E9EB50}.Release|Any CPU.Build.0 = Release|Any CPU
		{8589BD9E-5855-4B52-82B2-5436B1E9EB50}.Release|x64.ActiveCfg = Release|Any CPU
		{8589BD9E-5855-4B52-82B2-5436B1E9EB50}.Release|x64.Build.0 = Release|Any CPU
		{8589BD9E-5855-4B52-82B2-5436B1E9EB50}.Release|x86.ActiveCfg = Release|Any CPU
		{8589BD9E-5855-4B52-82B2-5436B1E9EB50}.Release|x86.Build.0 = Release|Any CPU
		{CECF7F9B-438A-45BD-BFDC-E66D84DDFE67}.Debug|Any CPU.ActiveCfg = Debug|Any CPU
		{CECF7F9B-438A-45BD-BFDC-E66D84DDFE67}.Debug|Any CPU.Build.0 = Debug|Any CPU
		{CECF7F9B-438A-45BD-BFDC-E66D84DDFE67}.Debug|x64.ActiveCfg = Debug|Any CPU
		{CECF7F9B-438A-45BD-BFDC-E66D84DDFE67}.Debug|x64.Build.0 = Debug|Any CPU
		{CECF7F9B-438A-45BD-BFDC-E66D84DDFE67}.Debug|x86.ActiveCfg = Debug|Any CPU
		{CECF7F9B-438A-45BD-BFDC-E66D84DDFE67}.Debug|x86.Build.0 = Debug|Any CPU
		{CECF7F9B-438A-45BD-BFDC-E66D84DDFE67}.Release|Any CPU.ActiveCfg = Release|Any CPU
		{CECF7F9B-438A-45BD-BFDC-E66D84DDFE67}.Release|Any CPU.Build.0 = Release|Any CPU
		{CECF7F9B-438A-45BD-BFDC-E66D84DDFE67}.Release|x64.ActiveCfg = Release|Any CPU
		{CECF7F9B-438A-45BD-BFDC-E66D84DDFE67}.Release|x64.Build.0 = Release|Any CPU
		{CECF7F9B-438A-45BD-BFDC-E66D84DDFE67}.Release|x86.ActiveCfg = Release|Any CPU
		{CECF7F9B-438A-45BD-BFDC-E66D84DDFE67}.Release|x86.Build.0 = Release|Any CPU
	EndGlobalSection
	GlobalSection(SolutionProperties) = preSolution
		HideSolutionNode = FALSE
	EndGlobalSection
EndGlobal
